// !$*UTF8*$!
{
	archiveVersion = 1;
	classes = {
	};
	objectVersion = 46;
	objects = {

/* Begin PBXBuildFile section */
		8E362B891E326405000D6E8F /* AppDelegate.swift in Sources */ = {isa = PBXBuildFile; fileRef = 8E362B881E326405000D6E8F /* AppDelegate.swift */; };
		8E362B8B1E326405000D6E8F /* ViewController.swift in Sources */ = {isa = PBXBuildFile; fileRef = 8E362B8A1E326405000D6E8F /* ViewController.swift */; };
		8E362B8E1E326405000D6E8F /* Main.storyboard in Resources */ = {isa = PBXBuildFile; fileRef = 8E362B8C1E326405000D6E8F /* Main.storyboard */; };
		8E362B901E326405000D6E8F /* Assets.xcassets in Resources */ = {isa = PBXBuildFile; fileRef = 8E362B8F1E326405000D6E8F /* Assets.xcassets */; };
		8E362B931E326405000D6E8F /* LaunchScreen.storyboard in Resources */ = {isa = PBXBuildFile; fileRef = 8E362B911E326405000D6E8F /* LaunchScreen.storyboard */; };
/* End PBXBuildFile section */

/* Begin PBXFileReference section */
		8E362B851E326405000D6E8F /* World Explorer.app */ = {isa = PBXFileReference; explicitFileType = wrapper.application; includeInIndex = 0; path = "World Explorer.app"; sourceTree = BUILT_PRODUCTS_DIR; };
		8E362B881E326405000D6E8F /* AppDelegate.swift */ = {isa = PBXFileReference; lastKnownFileType = sourcecode.swift; path = AppDelegate.swift; sourceTree = "<group>"; };
		8E362B8A1E326405000D6E8F /* ViewController.swift */ = {isa = PBXFileReference; lastKnownFileType = sourcecode.swift; path = ViewController.swift; sourceTree = "<group>"; };
		8E362B8D1E326405000D6E8F /* Base */ = {isa = PBXFileReference; lastKnownFileType = file.storyboard; name = Base; path = Base.lproj/Main.storyboard; sourceTree = "<group>"; };
		8E362B8F1E326405000D6E8F /* Assets.xcassets */ = {isa = PBXFileReference; lastKnownFileType = folder.assetcatalog; path = Assets.xcassets; sourceTree = "<group>"; };
		8E362B921E326405000D6E8F /* Base */ = {isa = PBXFileReference; lastKnownFileType = file.storyboard; name = Base; path = Base.lproj/LaunchScreen.storyboard; sourceTree = "<group>"; };
		8E362B941E326405000D6E8F /* Info.plist */ = {isa = PBXFileReference; lastKnownFileType = text.plist.xml; path = Info.plist; sourceTree = "<group>"; };
/* End PBXFileReference section */

/* Begin PBXFrameworksBuildPhase section */
		8E362B821E326405000D6E8F /* Frameworks */ = {
			isa = PBXFrameworksBuildPhase;
			buildActionMask = 2147483647;
			files = (
			);
			runOnlyForDeploymentPostprocessing = 0;
		};
/* End PBXFrameworksBuildPhase section */

/* Begin PBXGroup section */
		8E362B7C1E326405000D6E8F = {
			isa = PBXGroup;
			children = (
				8E362B871E326405000D6E8F /* World Explorer */,
				8E362B861E326405000D6E8F /* Products */,
			);
			sourceTree = "<group>";
		};
		8E362B861E326405000D6E8F /* Products */ = {
			isa = PBXGroup;
			children = (
				8E362B851E326405000D6E8F /* World Explorer.app */,
			);
			name = Products;
			sourceTree = "<group>";
		};
		8E362B871E326405000D6E8F /* World Explorer */ = {
			isa = PBXGroup;
			children = (
				8E362B881E326405000D6E8F /* AppDelegate.swift */,
				8E362B8A1E326405000D6E8F /* ViewController.swift */,
				8E362B8C1E326405000D6E8F /* Main.storyboard */,
				8E362B8F1E326405000D6E8F /* Assets.xcassets */,
				8E362B911E326405000D6E8F /* LaunchScreen.storyboard */,
				8E362B941E326405000D6E8F /* Info.plist */,
			);
			path = "World Explorer";
			sourceTree = "<group>";
		};
/* End PBXGroup section */

/* Begin PBXNativeTarget section */
		8E362B841E326405000D6E8F /* World Explorer */ = {
			isa = PBXNativeTarget;
			buildConfigurationList = 8E362B971E326405000D6E8F /* Build configuration list for PBXNativeTarget "World Explorer" */;
			buildPhases = (
				8E362B811E326405000D6E8F /* Sources */,
				8E362B821E326405000D6E8F /* Frameworks */,
				8E362B831E326405000D6E8F /* Resources */,
			);
			buildRules = (
			);
			dependencies = (
			);
			name = "World Explorer";
			productName = "World Explorer";
			productReference = 8E362B851E326405000D6E8F /* World Explorer.app */;
			productType = "com.apple.product-type.application";
		};
/* End PBXNativeTarget section */

/* Begin PBXProject section */
		8E362B7D1E326405000D6E8F /* Project object */ = {
			isa = PBXProject;
			attributes = {
				LastSwiftUpdateCheck = 0820;
				LastUpgradeCheck = 0820;
				ORGANIZATIONNAME = "Cesar A Cebreros Lara";
				TargetAttributes = {
					8E362B841E326405000D6E8F = {
						CreatedOnToolsVersion = 8.2.1;
						DevelopmentTeam = F5D4HW677E;
						ProvisioningStyle = Automatic;
					};
				};
			};
			buildConfigurationList = 8E362B801E326405000D6E8F /* Build configuration list for PBXProject "World Explorer" */;
			compatibilityVersion = "Xcode 3.2";
			developmentRegion = English;
			hasScannedForEncodings = 0;
			knownRegions = (
				en,
				Base,
			);
			mainGroup = 8E362B7C1E326405000D6E8F;
			productRefGroup = 8E362B861E326405000D6E8F /* Products */;
			projectDirPath = "";
			projectRoot = "";
			targets = (
				8E362B841E326405000D6E8F /* World Explorer */,
			);
		};
/* End PBXProject section */

/* Begin PBXResourcesBuildPhase section */
		8E362B831E326405000D6E8F /* Resources */ = {
			isa = PBXResourcesBuildPhase;
			buildActionMask = 2147483647;
			files = (
				8E362B931E326405000D6E8F /* LaunchScreen.storyboard in Resources */,
				8E362B901E326405000D6E8F /* Assets.xcassets in Resources */,
				8E362B8E1E326405000D6E8F /* Main.storyboard in Resources */,
			);
			runOnlyForDeploymentPostprocessing = 0;
		};
/* End PBXResourcesBuildPhase section */

/* Begin PBXSourcesBuildPhase section */
		8E362B811E326405000D6E8F /* Sources */ = {
			isa = PBXSourcesBuildPhase;
			buildActionMask = 2147483647;
			files = (
				8E362B8B1E326405000D6E8F /* ViewController.swift in Sources */,
				8E362B891E326405000D6E8F /* AppDelegate.swift in Sources */,
			);
			runOnlyForDeploymentPostprocessing = 0;
		};
/* End PBXSourcesBuildPhase section */

/* Begin PBXVariantGroup section */
		8E362B8C1E326405000D6E8F /* Main.storyboard */ = {
			isa = PBXVariantGroup;
			children = (
				8E362B8D1E326405000D6E8F /* Base */,
			);
			name = Main.storyboard;
			sourceTree = "<group>";
		};
		8E362B911E326405000D6E8F /* LaunchScreen.storyboard */ = {
			isa = PBXVariantGroup;
			children = (
				8E362B921E326405000D6E8F /* Base */,
			);
			name = LaunchScreen.storyboard;
			sourceTree = "<group>";
		};
/* End PBXVariantGroup section */

/* Begin XCBuildConfiguration section */
		8E362B951E326405000D6E8F /* Debug */ = {
			isa = XCBuildConfiguration;
			buildSettings = {
				ALWAYS_SEARCH_USER_PATHS = NO;
				CLANG_ANALYZER_NONNULL = YES;
				CLANG_CXX_LANGUAGE_STANDARD = "gnu++0x";
				CLANG_CXX_LIBRARY = "libc++";
				CLANG_ENABLE_MODULES = YES;
				CLANG_ENABLE_OBJC_ARC = YES;
				CLANG_WARN_BOOL_CONVERSION = YES;
				CLANG_WARN_CONSTANT_CONVERSION = YES;
				CLANG_WARN_DIRECT_OBJC_ISA_USAGE = YES_ERROR;
				CLANG_WARN_DOCUMENTATION_COMMENTS = YES;
				CLANG_WARN_EMPTY_BODY = YES;
				CLANG_WARN_ENUM_CONVERSION = YES;
				CLANG_WARN_INFINITE_RECURSION = YES;
				CLANG_WARN_INT_CONVERSION = YES;
				CLANG_WARN_OBJC_ROOT_CLASS = YES_ERROR;
				CLANG_WARN_SUSPICIOUS_MOVE = YES;
				CLANG_WARN_UNREACHABLE_CODE = YES;
				CLANG_WARN__DUPLICATE_METHOD_MATCH = YES;
				"CODE_SIGN_IDENTITY[sdk=iphoneos*]" = "iPhone Developer";
				COPY_PHASE_STRIP = NO;
				DEBUG_INFORMATION_FORMAT = dwarf;
				ENABLE_STRICT_OBJC_MSGSEND = YES;
				ENABLE_TESTABILITY = YES;
				GCC_C_LANGUAGE_STANDARD = gnu99;
				GCC_DYNAMIC_NO_PIC = NO;
				GCC_NO_COMMON_BLOCKS = YES;
				GCC_OPTIMIZATION_LEVEL = 0;
				GCC_PREPROCESSOR_DEFINITIONS = (
					"DEBUG=1",
					"$(inherited)",
				);
				GCC_WARN_64_TO_32_BIT_CONVERSION = YES;
				GCC_WARN_ABOUT_RETURN_TYPE = YES_ERROR;
				GCC_WARN_UNDECLARED_SELECTOR = YES;
				GCC_WARN_UNINITIALIZED_AUTOS = YES_AGGRESSIVE;
				GCC_WARN_UNUSED_FUNCTION = YES;
				GCC_WARN_UNUSED_VARIABLE = YES;
				IPHONEOS_DEPLOYMENT_TARGET = 10.2;
				MTL_ENABLE_DEBUG_INFO = YES;
				ONLY_ACTIVE_ARCH = YES;
				SDKROOT = iphoneos;
				SWIFT_ACTIVE_COMPILATION_CONDITIONS = DEBUG;
				SWIFT_OPTIMIZATION_LEVEL = "-Onone";
			};
			name = Debug;
		};
		8E362B961E326405000D6E8F /* Release */ = {
			isa = XCBuildConfiguration;
			buildSettings = {
				ALWAYS_SEARCH_USER_PATHS = NO;
				CLANG_ANALYZER_NONNULL = YES;
				CLANG_CXX_LANGUAGE_STANDARD = "gnu++0x";
				CLANG_CXX_LIBRARY = "libc++";
				CLANG_ENABLE_MODULES = YES;
				CLANG_ENABLE_OBJC_ARC = YES;
				CLANG_WARN_BOOL_CONVERSION = YES;
				CLANG_WARN_CONSTANT_CONVERSION = YES;
				CLANG_WARN_DIRECT_OBJC_ISA_USAGE = YES_ERROR;
				CLANG_WARN_DOCUMENTATION_COMMENTS = YES;
				CLANG_WARN_EMPTY_BODY = YES;
				CLANG_WARN_ENUM_CONVERSION = YES;
				CLANG_WARN_INFINITE_RECURSION = YES;
				CLANG_WARN_INT_CONVERSION = YES;
				CLANG_WARN_OBJC_ROOT_CLASS = YES_ERROR;
				CLANG_WARN_SUSPICIOUS_MOVE = YES;
				CLANG_WARN_UNREACHABLE_CODE = YES;
				CLANG_WARN__DUPLICATE_METHOD_MATCH = YES;
				"CODE_SIGN_IDENTITY[sdk=iphoneos*]" = "iPhone Developer";
				COPY_PHASE_STRIP = NO;
				DEBUG_INFORMATION_FORMAT = "dwarf-with-dsym";
				ENABLE_NS_ASSERTIONS = NO;
				ENABLE_STRICT_OBJC_MSGSEND = YES;
				GCC_C_LANGUAGE_STANDARD = gnu99;
				GCC_NO_COMMON_BLOCKS = YES;
				GCC_WARN_64_TO_32_BIT_CONVERSION = YES;
				GCC_WARN_ABOUT_RETURN_TYPE = YES_ERROR;
				GCC_WARN_UNDECLARED_SELECTOR = YES;
				GCC_WARN_UNINITIALIZED_AUTOS = YES_AGGRESSIVE;
				GCC_WARN_UNUSED_FUNCTION = YES;
				GCC_WARN_UNUSED_VARIABLE = YES;
				IPHONEOS_DEPLOYMENT_TARGET = 10.2;
				MTL_ENABLE_DEBUG_INFO = NO;
				SDKROOT = iphoneos;
				SWIFT_OPTIMIZATION_LEVEL = "-Owholemodule";
				VALIDATE_PRODUCT = YES;
			};
			name = Release;
		};
		8E362B981E326405000D6E8F /* Debug */ = {
			isa = XCBuildConfiguration;
			buildSettings = {
				ASSETCATALOG_COMPILER_APPICON_NAME = worldExplorer;
				DEVELOPMENT_TEAM = F5D4HW677E;
				INFOPLIST_FILE = "World Explorer/Info.plist";
				IPHONEOS_DEPLOYMENT_TARGET = 10.0;
				LD_RUNPATH_SEARCH_PATHS = "$(inherited) @executable_path/Frameworks";
				PRODUCT_BUNDLE_IDENTIFIER = "com.cebreroscesar.World-Explorer";
				PRODUCT_NAME = "$(TARGET_NAME)";
				SWIFT_VERSION = 3.0;
			};
			name = Debug;
		};
		8E362B991E326405000D6E8F /* Release */ = {
			isa = XCBuildConfiguration;
			buildSettings = {
				ASSETCATALOG_COMPILER_APPICON_NAME = worldExplorer;
				DEVELOPMENT_TEAM = F5D4HW677E;
				INFOPLIST_FILE = "World Explorer/Info.plist";
				IPHONEOS_DEPLOYMENT_TARGET = 10.0;
				LD_RUNPATH_SEARCH_PATHS = "$(inherited) @executable_path/Frameworks";
				PRODUCT_BUNDLE_IDENTIFIER = "com.cebreroscesar.World-Explorer";
				PRODUCT_NAME = "$(TARGET_NAME)";
				SWIFT_VERSION = 3.0;
			};
			name = Release;
		};
/* End XCBuildConfiguration section */

/* Begin XCConfigurationList section */
		8E362B801E326405000D6E8F /* Build configuration list for PBXProject "World Explorer" */ = {
			isa = XCConfigurationList;
			buildConfigurations = (
				8E362B951E326405000D6E8F /* Debug */,
				8E362B961E326405000D6E8F /* Release */,
			);
			defaultConfigurationIsVisible = 0;
			defaultConfigurationName = Release;
		};
		8E362B971E326405000D6E8F /* Build configuration list for PBXNativeTarget "World Explorer" */ = {
			isa = XCConfigurationList;
			buildConfigurations = (
				8E362B981E326405000D6E8F /* Debug */,
				8E362B991E326405000D6E8F /* Release */,
			);
			defaultConfigurationIsVisible = 0;
			defaultConfigurationName = Release;
		};
/* End XCConfigurationList section */
	};
	rootObject = 8E362B7D1E326405000D6E8F /* Project object */;
}
